Microsoft Visual Studio Solution File, Format Version 12.00
# Visual Studio Version 17
VisualStudioVersion = 17.5.2.0
MinimumVisualStudioVersion = 10.0.40219.1
Project("{FAE04EC0-301F-11D3-BF4B-00C04F79EFBC}") = "RNGNewAuraNotifier", "RNGNewAuraNotifier.csproj", "{A021E63B-B8A8-D44A-CB28-68C0D7F21A25}"
EndProject
Global
	GlobalSection(SolutionConfigurationPlatforms) = preSolution
		Debug|Any CPU = Debug|Any CPU
		Release|Any CPU = Release|Any CPU
	EndGlobalSection
	GlobalSection(ProjectConfigurationPlatforms) = postSolution
		{A021E63B-B8A8-D44A-CB28-68C0D7F21A25}.Debug|Any CPU.ActiveCfg = Debug|Any CPU
		{A021E63B-B8A8-D44A-CB28-68C0D7F21A25}.Debug|Any CPU.Build.0 = Debug|Any CPU
		{A021E63B-B8A8-D44A-CB28-68C0D7F21A25}.Release|Any CPU.ActiveCfg = Release|Any CPU
		{A021E63B-B8A8-D44A-CB28-68C0D7F21A25}.Release|Any CPU.Build.0 = Release|Any CPU
	EndGlobalSection
	GlobalSection(SolutionProperties) = preSolution
		HideSolutionNode = FALSE
	EndGlobalSection
	GlobalSection(ExtensibilityGlobals) = postSolution
		SolutionGuid = {EBF06F20-F718-482E-A250-804807923C6F}
	EndGlobalSection
EndGlobal
